
Microsoft Visual Studio Solution File, Format Version 12.00
# Visual Studio Version 16
VisualStudioVersion = 16.0.30204.135
MinimumVisualStudioVersion = 10.0.40219.1
Project("{FAE04EC0-301F-11D3-BF4B-00C04F79EFBC}") = "DaggerBending", "DaggerBending.csproj", "{71144989-C9F8-4D33-90C8-3801A50DBEEB}"
EndProject
Global
	GlobalSection(SolutionConfigurationPlatforms) = preSolution
		Debug|Any CPU = Debug|Any CPU
		Release|Any CPU = Release|Any CPU
	EndGlobalSection
	GlobalSection(ProjectConfigurationPlatforms) = postSolution
		{71144989-C9F8-4D33-90C8-3801A50DBEEB}.Debug|Any CPU.ActiveCfg = Debug|Any CPU
		{71144989-C9F8-4D33-90C8-3801A50DBEEB}.Debug|Any CPU.Build.0 = Debug|Any CPU
		{71144989-C9F8-4D33-90C8-3801A50DBEEB}.Release|Any CPU.ActiveCfg = Release|Any CPU
		{71144989-C9F8-4D33-90C8-3801A50DBEEB}.Release|Any CPU.Build.0 = Release|Any CPU
	EndGlobalSection
	GlobalSection(SolutionProperties) = preSolution
		HideSolutionNode = FALSE
	EndGlobalSection
	GlobalSection(ExtensibilityGlobals) = postSolution
		SolutionGuid = {47E5115D-C1A5-4CF8-BC43-B44A64EDCC7A}
	EndGlobalSection
EndGlobal
